
Microsoft Visual Studio Solution File, Format Version 12.00
# Visual Studio Version 17
VisualStudioVersion = 17.5.33414.496
MinimumVisualStudioVersion = 10.0.40219.1
Project("{8BC9CEB8-8B4A-11D0-8D11-00A0C91BC942}") = "zipfile", "zipfile\zipfile.vcxproj", "{0B5DA6CF-F8BA-4194-8782-59BE9DCD7FFE}"
EndProject
Global
	GlobalSection(SolutionConfigurationPlatforms) = preSolution
		Debug|x64 = Debug|x64
		Debug|x86 = Debug|x86
		Release|x64 = Release|x64
		Release|x86 = Release|x86
	EndGlobalSection
	GlobalSection(ProjectConfigurationPlatforms) = postSolution
		{0B5DA6CF-F8BA-4194-8782-59BE9DCD7FFE}.Debug|x64.ActiveCfg = Debug|x64
		{0B5DA6CF-F8BA-4194-8782-59BE9DCD7FFE}.Debug|x64.Build.0 = Debug|x64
		{0B5DA6CF-F8BA-4194-8782-59BE9DCD7FFE}.Debug|x86.ActiveCfg = Debug|Win32
		{0B5DA6CF-F8BA-4194-8782-59BE9DCD7FFE}.Debug|x86.Build.0 = Debug|Win32
		{0B5DA6CF-F8BA-4194-8782-59BE9DCD7FFE}.Release|x64.ActiveCfg = Release|x64
		{0B5DA6CF-F8BA-4194-8782-59BE9DCD7FFE}.Release|x64.Build.0 = Release|x64
		{0B5DA6CF-F8BA-4194-8782-59BE9DCD7FFE}.Release|x86.ActiveCfg = Release|Win32
		{0B5DA6CF-F8BA-4194-8782-59BE9DCD7FFE}.Release|x86.Build.0 = Release|Win32
	EndGlobalSection
	GlobalSection(SolutionProperties) = preSolution
		HideSolutionNode = FALSE
	EndGlobalSection
	GlobalSection(ExtensibilityGlobals) = postSolution
		SolutionGuid = {9B7F8571-C7E5-4D59-9100-EFC49DE0AF0A}
	EndGlobalSection
EndGlobal
